
Microsoft Visual Studio Solution File, Format Version 12.00
# Visual Studio Version 18
VisualStudioVersion = 18.4.11626.88 stable
MinimumVisualStudioVersion = 10.0.40219.1
Project("{FAE04EC0-301F-11D3-BF4B-00C04F79EFBC}") = "TiendaVirtualPerez", "TiendaVirtualPerez\TiendaVirtualPerez.csproj", "{A8682872-B84A-452A-AB4C-22927C4DEB1D}"
EndProject
Global
	GlobalSection(SolutionConfigurationPlatforms) = preSolution
		Debug|Any CPU = Debug|Any CPU
		Release|Any CPU = Release|Any CPU
	EndGlobalSection
	GlobalSection(ProjectConfigurationPlatforms) = postSolution
		{A8682872-B84A-452A-AB4C-22927C4DEB1D}.Debug|Any CPU.ActiveCfg = Debug|Any CPU
		{A8682872-B84A-452A-AB4C-22927C4DEB1D}.Debug|Any CPU.Build.0 = Debug|Any CPU
		{A8682872-B84A-452A-AB4C-22927C4DEB1D}.Release|Any CPU.ActiveCfg = Release|Any CPU
		{A8682872-B84A-452A-AB4C-22927C4DEB1D}.Release|Any CPU.Build.0 = Release|Any CPU
	EndGlobalSection
	GlobalSection(SolutionProperties) = preSolution
		HideSolutionNode = FALSE
	EndGlobalSection
	GlobalSection(ExtensibilityGlobals) = postSolution
		SolutionGuid = {220276AC-1169-4B13-8DF9-8F66706215F1}
	EndGlobalSection
EndGlobal
